// !$*UTF8*$!
{
	archiveVersion = 1;
	classes = {
	};
	objectVersion = 46;
	objects = {

/* Begin PBXBuildFile section */
		1C016AAA1F4C2E39004059A5 /* SettingsViewController.swift in Sources */ = {isa = PBXBuildFile; fileRef = 1C016AA91F4C2E39004059A5 /* SettingsViewController.swift */; };
		1C17BED51E3C352900D0E783 /* dice.swift in Sources */ = {isa = PBXBuildFile; fileRef = 1C17BED41E3C352900D0E783 /* dice.swift */; };
		1C17BED61E3C423A00D0E783 /* dice.swift in Sources */ = {isa = PBXBuildFile; fileRef = 1C17BED41E3C352900D0E783 /* dice.swift */; };
		1C2A3B831F1F41D4005FCD24 /* StoreKit.framework in Frameworks */ = {isa = PBXBuildFile; fileRef = 1C2A3B821F1F41D4005FCD24 /* StoreKit.framework */; };
		1C3EBD471E39E6A6008BF505 /* Interface.storyboard in Resources */ = {isa = PBXBuildFile; fileRef = 1C3EBD451E39E6A6008BF505 /* Interface.storyboard */; };
		1C3EBD491E39E6A6008BF505 /* Assets.xcassets in Resources */ = {isa = PBXBuildFile; fileRef = 1C3EBD481E39E6A6008BF505 /* Assets.xcassets */; };
		1C3EBD501E39E6A6008BF505 /* DiceWatch5 Extension.appex in Embed App Extensions */ = {isa = PBXBuildFile; fileRef = 1C3EBD4F1E39E6A6008BF505 /* DiceWatch5 Extension.appex */; settings = {ATTRIBUTES = (RemoveHeadersOnCopy, ); }; };
		1C3EBD551E39E6A6008BF505 /* InterfaceController.swift in Sources */ = {isa = PBXBuildFile; fileRef = 1C3EBD541E39E6A6008BF505 /* InterfaceController.swift */; };
		1C3EBD571E39E6A6008BF505 /* ExtensionDelegate.swift in Sources */ = {isa = PBXBuildFile; fileRef = 1C3EBD561E39E6A6008BF505 /* ExtensionDelegate.swift */; };
		1C3EBD591E39E6A6008BF505 /* Assets.xcassets in Resources */ = {isa = PBXBuildFile; fileRef = 1C3EBD581E39E6A6008BF505 /* Assets.xcassets */; };
		1C3EBD5D1E39E6A6008BF505 /* DiceWatch5.app in Embed Watch Content */ = {isa = PBXBuildFile; fileRef = 1C3EBD431E39E6A6008BF505 /* DiceWatch5.app */; };
		1C6EBDCF1F4DB49F0047E22D /* Blue-Icon@2x.png in Resources */ = {isa = PBXBuildFile; fileRef = 1C6EBDC71F4DB49F0047E22D /* Blue-Icon@2x.png */; };
		1C6EBDD01F4DB49F0047E22D /* Blue-Icon@3x.png in Resources */ = {isa = PBXBuildFile; fileRef = 1C6EBDC81F4DB49F0047E22D /* Blue-Icon@3x.png */; };
		1C6EBDD11F4DB49F0047E22D /* Grey-Icon@2x.png in Resources */ = {isa = PBXBuildFile; fileRef = 1C6EBDC91F4DB49F0047E22D /* Grey-Icon@2x.png */; };
		1C6EBDD21F4DB49F0047E22D /* Grey-Icon@3x.png in Resources */ = {isa = PBXBuildFile; fileRef = 1C6EBDCA1F4DB49F0047E22D /* Grey-Icon@3x.png */; };
		1C6EBDD31F4DB49F0047E22D /* Inverse-Icon@2x.png in Resources */ = {isa = PBXBuildFile; fileRef = 1C6EBDCB1F4DB49F0047E22D /* Inverse-Icon@2x.png */; };
		1C6EBDD41F4DB49F0047E22D /* Inverse-Icon@3x.png in Resources */ = {isa = PBXBuildFile; fileRef = 1C6EBDCC1F4DB49F0047E22D /* Inverse-Icon@3x.png */; };
		1C7A3D801E713EA5005B8570 /* dice.swift in Sources */ = {isa = PBXBuildFile; fileRef = 1C17BED41E3C352900D0E783 /* dice.swift */; };
		1C8046221E59AADD007177F3 /* Assets.xcassets in Resources */ = {isa = PBXBuildFile; fileRef = 1C84725D1E38327100112A53 /* Assets.xcassets */; };
		1C8046241E59AC10007177F3 /* Assets.xcassets in Resources */ = {isa = PBXBuildFile; fileRef = 1C84725D1E38327100112A53 /* Assets.xcassets */; };
		1C8472571E38327100112A53 /* AppDelegate.swift in Sources */ = {isa = PBXBuildFile; fileRef = 1C8472561E38327100112A53 /* AppDelegate.swift */; };
		1C8472591E38327100112A53 /* ViewController.swift in Sources */ = {isa = PBXBuildFile; fileRef = 1C8472581E38327100112A53 /* ViewController.swift */; };
		1C84725C1E38327100112A53 /* Main.storyboard in Resources */ = {isa = PBXBuildFile; fileRef = 1C84725A1E38327100112A53 /* Main.storyboard */; };
		1C8472611E38327100112A53 /* LaunchScreen.storyboard in Resources */ = {isa = PBXBuildFile; fileRef = 1C84725F1E38327100112A53 /* LaunchScreen.storyboard */; };
		1C84726C1E38327100112A53 /* Dice5Tests.swift in Sources */ = {isa = PBXBuildFile; fileRef = 1C84726B1E38327100112A53 /* Dice5Tests.swift */; };
		1C8472771E38327100112A53 /* Dice5UITests.swift in Sources */ = {isa = PBXBuildFile; fileRef = 1C8472761E38327100112A53 /* Dice5UITests.swift */; };
		1C84728B1E38328800112A53 /* NotificationCenter.framework in Frameworks */ = {isa = PBXBuildFile; fileRef = 1C84728A1E38328800112A53 /* NotificationCenter.framework */; };
		1C84728E1E38328800112A53 /* TodayViewController.swift in Sources */ = {isa = PBXBuildFile; fileRef = 1C84728D1E38328800112A53 /* TodayViewController.swift */; };
		1C8472911E38328800112A53 /* MainInterface.storyboard in Resources */ = {isa = PBXBuildFile; fileRef = 1C84728F1E38328800112A53 /* MainInterface.storyboard */; };
		1C8472951E38328800112A53 /* Dice5Widget.appex in Embed App Extensions */ = {isa = PBXBuildFile; fileRef = 1C8472881E38328800112A53 /* Dice5Widget.appex */; settings = {ATTRIBUTES = (RemoveHeadersOnCopy, ); }; };
		1CB9DC051F4E7F7C0017928C /* Black-Icon-iPad.png in Resources */ = {isa = PBXBuildFile; fileRef = 1CB9DC041F4E7F7C0017928C /* Black-Icon-iPad.png */; };
		1CB9DC081F4E7F870017928C /* Black-Icon@2x.png in Resources */ = {isa = PBXBuildFile; fileRef = 1CB9DC061F4E7F870017928C /* Black-Icon@2x.png */; };
		1CB9DC091F4E7F870017928C /* Black-Icon@3x.png in Resources */ = {isa = PBXBuildFile; fileRef = 1CB9DC071F4E7F870017928C /* Black-Icon@3x.png */; };
		1CB9DC0D1F4E80360017928C /* Blue-Icon-iPad.png in Resources */ = {isa = PBXBuildFile; fileRef = 1CB9DC0A1F4E80360017928C /* Blue-Icon-iPad.png */; };
		1CB9DC0E1F4E80360017928C /* Grey-Icon-iPad.png in Resources */ = {isa = PBXBuildFile; fileRef = 1CB9DC0B1F4E80360017928C /* Grey-Icon-iPad.png */; };
		1CB9DC0F1F4E80360017928C /* Inverse-Icon-iPad.png in Resources */ = {isa = PBXBuildFile; fileRef = 1CB9DC0C1F4E80360017928C /* Inverse-Icon-iPad.png */; };
		1CD761211E7D19D40056CBFF /* Assets.xcassets in Resources */ = {isa = PBXBuildFile; fileRef = 1C84725D1E38327100112A53 /* Assets.xcassets */; };
		1CF8044F1E6D44AE00FA0878 /* Stickers.xcassets in Resources */ = {isa = PBXBuildFile; fileRef = 1CF8044E1E6D44AE00FA0878 /* Stickers.xcassets */; };
		1CF804531E6D44AE00FA0878 /* DiceStickers.appex in Embed App Extensions */ = {isa = PBXBuildFile; fileRef = 1CF8044C1E6D44AE00FA0878 /* DiceStickers.appex */; settings = {ATTRIBUTES = (RemoveHeadersOnCopy, ); }; };
/* End PBXBuildFile section */

/* Begin PBXContainerItemProxy section */
		1C3EBD511E39E6A6008BF505 /* PBXContainerItemProxy */ = {
			isa = PBXContainerItemProxy;
			containerPortal = 1C84724B1E38327100112A53 /* Project object */;
			proxyType = 1;
			remoteGlobalIDString = 1C3EBD4E1E39E6A6008BF505;
			remoteInfo = "DiceWatch5 Extension";
		};
		1C3EBD5B1E39E6A6008BF505 /* PBXContainerItemProxy */ = {
			isa = PBXContainerItemProxy;
			containerPortal = 1C84724B1E38327100112A53 /* Project object */;
			proxyType = 1;
			remoteGlobalIDString = 1C3EBD421E39E6A6008BF505;
			remoteInfo = DiceWatch5;
		};
		1C8472681E38327100112A53 /* PBXContainerItemProxy */ = {
			isa = PBXContainerItemProxy;
			containerPortal = 1C84724B1E38327100112A53 /* Project object */;
			proxyType = 1;
			remoteGlobalIDString = 1C8472521E38327100112A53;
			remoteInfo = Dice5;
		};
		1C8472731E38327100112A53 /* PBXContainerItemProxy */ = {
			isa = PBXContainerItemProxy;
			containerPortal = 1C84724B1E38327100112A53 /* Project object */;
			proxyType = 1;
			remoteGlobalIDString = 1C8472521E38327100112A53;
			remoteInfo = Dice5;
		};
		1C8472931E38328800112A53 /* PBXContainerItemProxy */ = {
			isa = PBXContainerItemProxy;
			containerPortal = 1C84724B1E38327100112A53 /* Project object */;
			proxyType = 1;
			remoteGlobalIDString = 1C8472871E38328800112A53;
			remoteInfo = Dice5Widget;
		};
		1CF804511E6D44AE00FA0878 /* PBXContainerItemProxy */ = {
			isa = PBXContainerItemProxy;
			containerPortal = 1C84724B1E38327100112A53 /* Project object */;
			proxyType = 1;
			remoteGlobalIDString = 1CF8044B1E6D44AE00FA0878;
			remoteInfo = DiceStickers;
		};
/* End PBXContainerItemProxy section */

/* Begin PBXCopyFilesBuildPhase section */
		1C3EBD631E39E6A6008BF505 /* Embed App Extensions */ = {
			isa = PBXCopyFilesBuildPhase;
			buildActionMask = 2147483647;
			dstPath = "";
			dstSubfolderSpec = 13;
			files = (
				1C3EBD501E39E6A6008BF505 /* DiceWatch5 Extension.appex in Embed App Extensions */,
			);
			name = "Embed App Extensions";
			runOnlyForDeploymentPostprocessing = 0;
		};
		1C3EBD651E39E6A6008BF505 /* Embed Watch Content */ = {
			isa = PBXCopyFilesBuildPhase;
			buildActionMask = 2147483647;
			dstPath = "$(CONTENTS_FOLDER_PATH)/Watch";
			dstSubfolderSpec = 16;
			files = (
				1C3EBD5D1E39E6A6008BF505 /* DiceWatch5.app in Embed Watch Content */,
			);
			name = "Embed Watch Content";
			runOnlyForDeploymentPostprocessing = 0;
		};
		1C8472991E38328800112A53 /* Embed App Extensions */ = {
			isa = PBXCopyFilesBuildPhase;
			buildActionMask = 2147483647;
			dstPath = "";
			dstSubfolderSpec = 13;
			files = (
				1C8472951E38328800112A53 /* Dice5Widget.appex in Embed App Extensions */,
				1CF804531E6D44AE00FA0878 /* DiceStickers.appex in Embed App Extensions */,
			);
			name = "Embed App Extensions";
			runOnlyForDeploymentPostprocessing = 0;
		};
/* End PBXCopyFilesBuildPhase section */

/* Begin PBXFileReference section */
		1C016AA91F4C2E39004059A5 /* SettingsViewController.swift */ = {isa = PBXFileReference; fileEncoding = 4; lastKnownFileType = sourcecode.swift; path = SettingsViewController.swift; sourceTree = "<group>"; };
		1C17BED41E3C352900D0E783 /* dice.swift */ = {isa = PBXFileReference; fileEncoding = 4; lastKnownFileType = sourcecode.swift; path = dice.swift; sourceTree = "<group>"; };
		1C2A3B821F1F41D4005FCD24 /* StoreKit.framework */ = {isa = PBXFileReference; lastKnownFileType = wrapper.framework; name = StoreKit.framework; path = System/Library/Frameworks/StoreKit.framework; sourceTree = SDKROOT; };
		1C3EBD431E39E6A6008BF505 /* DiceWatch5.app */ = {isa = PBXFileReference; explicitFileType = wrapper.application; includeInIndex = 0; path = DiceWatch5.app; sourceTree = BUILT_PRODUCTS_DIR; };
		1C3EBD461E39E6A6008BF505 /* Base */ = {isa = PBXFileReference; lastKnownFileType = file.storyboard; name = Base; path = Base.lproj/Interface.storyboard; sourceTree = "<group>"; };
		1C3EBD481E39E6A6008BF505 /* Assets.xcassets */ = {isa = PBXFileReference; lastKnownFileType = folder.assetcatalog; path = Assets.xcassets; sourceTree = "<group>"; };
		1C3EBD4A1E39E6A6008BF505 /* Info.plist */ = {isa = PBXFileReference; lastKnownFileType = text.plist.xml; path = Info.plist; sourceTree = "<group>"; };
		1C3EBD4F1E39E6A6008BF505 /* DiceWatch5 Extension.appex */ = {isa = PBXFileReference; explicitFileType = "wrapper.app-extension"; includeInIndex = 0; path = "DiceWatch5 Extension.appex"; sourceTree = BUILT_PRODUCTS_DIR; };
		1C3EBD541E39E6A6008BF505 /* InterfaceController.swift */ = {isa = PBXFileReference; lastKnownFileType = sourcecode.swift; path = InterfaceController.swift; sourceTree = "<group>"; };
		1C3EBD561E39E6A6008BF505 /* ExtensionDelegate.swift */ = {isa = PBXFileReference; lastKnownFileType = sourcecode.swift; path = ExtensionDelegate.swift; sourceTree = "<group>"; };
		1C3EBD581E39E6A6008BF505 /* Assets.xcassets */ = {isa = PBXFileReference; lastKnownFileType = folder.assetcatalog; path = Assets.xcassets; sourceTree = "<group>"; };
		1C3EBD5A1E39E6A6008BF505 /* Info.plist */ = {isa = PBXFileReference; lastKnownFileType = text.plist.xml; path = Info.plist; sourceTree = "<group>"; };
		1C6EBDC71F4DB49F0047E22D /* Blue-Icon@2x.png */ = {isa = PBXFileReference; lastKnownFileType = image.png; path = "Blue-Icon@2x.png"; sourceTree = "<group>"; };
		1C6EBDC81F4DB49F0047E22D /* Blue-Icon@3x.png */ = {isa = PBXFileReference; lastKnownFileType = image.png; path = "Blue-Icon@3x.png"; sourceTree = "<group>"; };
		1C6EBDC91F4DB49F0047E22D /* Grey-Icon@2x.png */ = {isa = PBXFileReference; lastKnownFileType = image.png; path = "Grey-Icon@2x.png"; sourceTree = "<group>"; };
		1C6EBDCA1F4DB49F0047E22D /* Grey-Icon@3x.png */ = {isa = PBXFileReference; lastKnownFileType = image.png; path = "Grey-Icon@3x.png"; sourceTree = "<group>"; };
		1C6EBDCB1F4DB49F0047E22D /* Inverse-Icon@2x.png */ = {isa = PBXFileReference; lastKnownFileType = image.png; path = "Inverse-Icon@2x.png"; sourceTree = "<group>"; };
		1C6EBDCC1F4DB49F0047E22D /* Inverse-Icon@3x.png */ = {isa = PBXFileReference; lastKnownFileType = image.png; path = "Inverse-Icon@3x.png"; sourceTree = "<group>"; };
		1C8472531E38327100112A53 /* Dice5.app */ = {isa = PBXFileReference; explicitFileType = wrapper.application; includeInIndex = 0; path = Dice5.app; sourceTree = BUILT_PRODUCTS_DIR; };
		1C8472561E38327100112A53 /* AppDelegate.swift */ = {isa = PBXFileReference; lastKnownFileType = sourcecode.swift; path = AppDelegate.swift; sourceTree = "<group>"; };
		1C8472581E38327100112A53 /* ViewController.swift */ = {isa = PBXFileReference; lastKnownFileType = sourcecode.swift; path = ViewController.swift; sourceTree = "<group>"; };
		1C84725B1E38327100112A53 /* Base */ = {isa = PBXFileReference; lastKnownFileType = file.storyboard; name = Base; path = Base.lproj/Main.storyboard; sourceTree = "<group>"; };
		1C84725D1E38327100112A53 /* Assets.xcassets */ = {isa = PBXFileReference; lastKnownFileType = folder.assetcatalog; path = Assets.xcassets; sourceTree = "<group>"; };
		1C8472601E38327100112A53 /* Base */ = {isa = PBXFileReference; lastKnownFileType = file.storyboard; name = Base; path = Base.lproj/LaunchScreen.storyboard; sourceTree = "<group>"; };
		1C8472621E38327100112A53 /* Info.plist */ = {isa = PBXFileReference; lastKnownFileType = text.plist.xml; path = Info.plist; sourceTree = "<group>"; };
		1C8472671E38327100112A53 /* Dice5Tests.xctest */ = {isa = PBXFileReference; explicitFileType = wrapper.cfbundle; includeInIndex = 0; path = Dice5Tests.xctest; sourceTree = BUILT_PRODUCTS_DIR; };
		1C84726B1E38327100112A53 /* Dice5Tests.swift */ = {isa = PBXFileReference; lastKnownFileType = sourcecode.swift; path = Dice5Tests.swift; sourceTree = "<group>"; };
		1C84726D1E38327100112A53 /* Info.plist */ = {isa = PBXFileReference; lastKnownFileType = text.plist.xml; path = Info.plist; sourceTree = "<group>"; };
		1C8472721E38327100112A53 /* Dice5UITests.xctest */ = {isa = PBXFileReference; explicitFileType = wrapper.cfbundle; includeInIndex = 0; path = Dice5UITests.xctest; sourceTree = BUILT_PRODUCTS_DIR; };
		1C8472761E38327100112A53 /* Dice5UITests.swift */ = {isa = PBXFileReference; lastKnownFileType = sourcecode.swift; path = Dice5UITests.swift; sourceTree = "<group>"; };
		1C8472781E38327100112A53 /* Info.plist */ = {isa = PBXFileReference; lastKnownFileType = text.plist.xml; path = Info.plist; sourceTree = "<group>"; };
		1C8472881E38328800112A53 /* Dice5Widget.appex */ = {isa = PBXFileReference; explicitFileType = "wrapper.app-extension"; includeInIndex = 0; path = Dice5Widget.appex; sourceTree = BUILT_PRODUCTS_DIR; };
		1C84728A1E38328800112A53 /* NotificationCenter.framework */ = {isa = PBXFileReference; lastKnownFileType = wrapper.framework; name = NotificationCenter.framework; path = System/Library/Frameworks/NotificationCenter.framework; sourceTree = SDKROOT; };
		1C84728D1E38328800112A53 /* TodayViewController.swift */ = {isa = PBXFileReference; lastKnownFileType = sourcecode.swift; path = TodayViewController.swift; sourceTree = "<group>"; };
		1C8472901E38328800112A53 /* Base */ = {isa = PBXFileReference; lastKnownFileType = file.storyboard; name = Base; path = Base.lproj/MainInterface.storyboard; sourceTree = "<group>"; };
		1C8472921E38328800112A53 /* Info.plist */ = {isa = PBXFileReference; lastKnownFileType = text.plist.xml; path = Info.plist; sourceTree = "<group>"; };
		1CB9DC041F4E7F7C0017928C /* Black-Icon-iPad.png */ = {isa = PBXFileReference; lastKnownFileType = image.png; path = "Black-Icon-iPad.png"; sourceTree = "<group>"; };
		1CB9DC061F4E7F870017928C /* Black-Icon@2x.png */ = {isa = PBXFileReference; lastKnownFileType = image.png; path = "Black-Icon@2x.png"; sourceTree = "<group>"; };
		1CB9DC071F4E7F870017928C /* Black-Icon@3x.png */ = {isa = PBXFileReference; lastKnownFileType = image.png; path = "Black-Icon@3x.png"; sourceTree = "<group>"; };
		1CB9DC0A1F4E80360017928C /* Blue-Icon-iPad.png */ = {isa = PBXFileReference; lastKnownFileType = image.png; path = "Blue-Icon-iPad.png"; sourceTree = "<group>"; };
		1CB9DC0B1F4E80360017928C /* Grey-Icon-iPad.png */ = {isa = PBXFileReference; lastKnownFileType = image.png; path = "Grey-Icon-iPad.png"; sourceTree = "<group>"; };
		1CB9DC0C1F4E80360017928C /* Inverse-Icon-iPad.png */ = {isa = PBXFileReference; lastKnownFileType = image.png; path = "Inverse-Icon-iPad.png"; sourceTree = "<group>"; };
		1CF8044C1E6D44AE00FA0878 /* DiceStickers.appex */ = {isa = PBXFileReference; explicitFileType = "wrapper.app-extension"; includeInIndex = 0; path = DiceStickers.appex; sourceTree = BUILT_PRODUCTS_DIR; };
		1CF8044E1E6D44AE00FA0878 /* Stickers.xcassets */ = {isa = PBXFileReference; lastKnownFileType = folder.assetcatalog; path = Stickers.xcassets; sourceTree = "<group>"; };
		1CF804501E6D44AE00FA0878 /* Info.plist */ = {isa = PBXFileReference; lastKnownFileType = text.plist.xml; path = Info.plist; sourceTree = "<group>"; };
/* End PBXFileReference section */

/* Begin PBXFrameworksBuildPhase section */
		1C3EBD4C1E39E6A6008BF505 /* Frameworks */ = {
			isa = PBXFrameworksBuildPhase;
			buildActionMask = 2147483647;
			files = (
			);
			runOnlyForDeploymentPostprocessing = 0;
		};
		1C8472501E38327100112A53 /* Frameworks */ = {
			isa = PBXFrameworksBuildPhase;
			buildActionMask = 2147483647;
			files = (
				1C2A3B831F1F41D4005FCD24 /* StoreKit.framework in Frameworks */,
			);
			runOnlyForDeploymentPostprocessing = 0;
		};
		1C8472641E38327100112A53 /* Frameworks */ = {
			isa = PBXFrameworksBuildPhase;
			buildActionMask = 2147483647;
			files = (
			);
			runOnlyForDeploymentPostprocessing = 0;
		};
		1C84726F1E38327100112A53 /* Frameworks */ = {
			isa = PBXFrameworksBuildPhase;
			buildActionMask = 2147483647;
			files = (
			);
			runOnlyForDeploymentPostprocessing = 0;
		};
		1C8472851E38328800112A53 /* Frameworks */ = {
			isa = PBXFrameworksBuildPhase;
			buildActionMask = 2147483647;
			files = (
				1C84728B1E38328800112A53 /* NotificationCenter.framework in Frameworks */,
			);
			runOnlyForDeploymentPostprocessing = 0;
		};
/* End PBXFrameworksBuildPhase section */

/* Begin PBXGroup section */
		1C016AAB1F4C3188004059A5 /* AlternateIcons */ = {
			isa = PBXGroup;
			children = (
				1CB9DC0A1F4E80360017928C /* Blue-Icon-iPad.png */,
				1CB9DC0B1F4E80360017928C /* Grey-Icon-iPad.png */,
				1CB9DC0C1F4E80360017928C /* Inverse-Icon-iPad.png */,
				1CB9DC041F4E7F7C0017928C /* Black-Icon-iPad.png */,
				1CB9DC061F4E7F870017928C /* Black-Icon@2x.png */,
				1CB9DC071F4E7F870017928C /* Black-Icon@3x.png */,
				1C6EBDC71F4DB49F0047E22D /* Blue-Icon@2x.png */,
				1C6EBDC81F4DB49F0047E22D /* Blue-Icon@3x.png */,
				1C6EBDC91F4DB49F0047E22D /* Grey-Icon@2x.png */,
				1C6EBDCA1F4DB49F0047E22D /* Grey-Icon@3x.png */,
				1C6EBDCB1F4DB49F0047E22D /* Inverse-Icon@2x.png */,
				1C6EBDCC1F4DB49F0047E22D /* Inverse-Icon@3x.png */,
			);
			name = AlternateIcons;
			sourceTree = "<group>";
		};
		1C3EBD441E39E6A6008BF505 /* DiceWatch5 */ = {
			isa = PBXGroup;
			children = (
				1C3EBD451E39E6A6008BF505 /* Interface.storyboard */,
				1C3EBD481E39E6A6008BF505 /* Assets.xcassets */,
				1C3EBD4A1E39E6A6008BF505 /* Info.plist */,
			);
			path = DiceWatch5;
			sourceTree = "<group>";
		};
		1C3EBD531E39E6A6008BF505 /* DiceWatch5 Extension */ = {
			isa = PBXGroup;
			children = (
				1C3EBD541E39E6A6008BF505 /* InterfaceController.swift */,
				1C3EBD561E39E6A6008BF505 /* ExtensionDelegate.swift */,
				1C3EBD581E39E6A6008BF505 /* Assets.xcassets */,
				1C3EBD5A1E39E6A6008BF505 /* Info.plist */,
			);
			path = "DiceWatch5 Extension";
			sourceTree = "<group>";
		};
		1C84724A1E38327100112A53 = {
			isa = PBXGroup;
			children = (
				1C8472551E38327100112A53 /* Dice5 */,
				1C84726A1E38327100112A53 /* Dice5Tests */,
				1C8472751E38327100112A53 /* Dice5UITests */,
				1C84728C1E38328800112A53 /* Dice5Widget */,
				1C3EBD441E39E6A6008BF505 /* DiceWatch5 */,
				1C3EBD531E39E6A6008BF505 /* DiceWatch5 Extension */,
				1CF8044D1E6D44AE00FA0878 /* DiceStickers */,
				1C8472891E38328800112A53 /* Frameworks */,
				1C8472541E38327100112A53 /* Products */,
			);
			sourceTree = "<group>";
		};
		1C8472541E38327100112A53 /* Products */ = {
			isa = PBXGroup;
			children = (
				1C8472531E38327100112A53 /* Dice5.app */,
				1C8472671E38327100112A53 /* Dice5Tests.xctest */,
				1C8472721E38327100112A53 /* Dice5UITests.xctest */,
				1C8472881E38328800112A53 /* Dice5Widget.appex */,
				1C3EBD431E39E6A6008BF505 /* DiceWatch5.app */,
				1C3EBD4F1E39E6A6008BF505 /* DiceWatch5 Extension.appex */,
				1CF8044C1E6D44AE00FA0878 /* DiceStickers.appex */,
			);
			name = Products;
			sourceTree = "<group>";
		};
		1C8472551E38327100112A53 /* Dice5 */ = {
			isa = PBXGroup;
			children = (
				1C016AAB1F4C3188004059A5 /* AlternateIcons */,
				1C8472561E38327100112A53 /* AppDelegate.swift */,
				1C8472581E38327100112A53 /* ViewController.swift */,
				1C016AA91F4C2E39004059A5 /* SettingsViewController.swift */,
				1C84725A1E38327100112A53 /* Main.storyboard */,
				1C84725D1E38327100112A53 /* Assets.xcassets */,
				1C84725F1E38327100112A53 /* LaunchScreen.storyboard */,
				1C8472621E38327100112A53 /* Info.plist */,
				1C17BED41E3C352900D0E783 /* dice.swift */,
			);
			path = Dice5;
			sourceTree = "<group>";
		};
		1C84726A1E38327100112A53 /* Dice5Tests */ = {
			isa = PBXGroup;
			children = (
				1C84726B1E38327100112A53 /* Dice5Tests.swift */,
				1C84726D1E38327100112A53 /* Info.plist */,
			);
			path = Dice5Tests;
			sourceTree = "<group>";
		};
		1C8472751E38327100112A53 /* Dice5UITests */ = {
			isa = PBXGroup;
			children = (
				1C8472761E38327100112A53 /* Dice5UITests.swift */,
				1C8472781E38327100112A53 /* Info.plist */,
			);
			path = Dice5UITests;
			sourceTree = "<group>";
		};
		1C8472891E38328800112A53 /* Frameworks */ = {
			isa = PBXGroup;
			children = (
				1C2A3B821F1F41D4005FCD24 /* StoreKit.framework */,
				1C84728A1E38328800112A53 /* NotificationCenter.framework */,
			);
			name = Frameworks;
			sourceTree = "<group>";
		};
		1C84728C1E38328800112A53 /* Dice5Widget */ = {
			isa = PBXGroup;
			children = (
				1C84728D1E38328800112A53 /* TodayViewController.swift */,
				1C84728F1E38328800112A53 /* MainInterface.storyboard */,
				1C8472921E38328800112A53 /* Info.plist */,
			);
			path = Dice5Widget;
			sourceTree = "<group>";
		};
		1CF8044D1E6D44AE00FA0878 /* DiceStickers */ = {
			isa = PBXGroup;
			children = (
				1CF8044E1E6D44AE00FA0878 /* Stickers.xcassets */,
				1CF804501E6D44AE00FA0878 /* Info.plist */,
			);
			path = DiceStickers;
			sourceTree = "<group>";
		};
/* End PBXGroup section */

/* Begin PBXNativeTarget section */
		1C3EBD421E39E6A6008BF505 /* DiceWatch5 */ = {
			isa = PBXNativeTarget;
			buildConfigurationList = 1C3EBD641E39E6A6008BF505 /* Build configuration list for PBXNativeTarget "DiceWatch5" */;
			buildPhases = (
				1C3EBD411E39E6A6008BF505 /* Resources */,
				1C3EBD631E39E6A6008BF505 /* Embed App Extensions */,
			);
			buildRules = (
			);
			dependencies = (
				1C3EBD521E39E6A6008BF505 /* PBXTargetDependency */,
			);
			name = DiceWatch5;
			productName = DiceWatch5;
			productReference = 1C3EBD431E39E6A6008BF505 /* DiceWatch5.app */;
			productType = "com.apple.product-type.application.watchapp2";
		};
		1C3EBD4E1E39E6A6008BF505 /* DiceWatch5 Extension */ = {
			isa = PBXNativeTarget;
			buildConfigurationList = 1C3EBD621E39E6A6008BF505 /* Build configuration list for PBXNativeTarget "DiceWatch5 Extension" */;
			buildPhases = (
				1C3EBD4B1E39E6A6008BF505 /* Sources */,
				1C3EBD4C1E39E6A6008BF505 /* Frameworks */,
				1C3EBD4D1E39E6A6008BF505 /* Resources */,
			);
			buildRules = (
			);
			dependencies = (
			);
			name = "DiceWatch5 Extension";
			productName = "DiceWatch5 Extension";
			productReference = 1C3EBD4F1E39E6A6008BF505 /* DiceWatch5 Extension.appex */;
			productType = "com.apple.product-type.watchkit2-extension";
		};
		1C8472521E38327100112A53 /* Dice5 */ = {
			isa = PBXNativeTarget;
			buildConfigurationList = 1C84727B1E38327100112A53 /* Build configuration list for PBXNativeTarget "Dice5" */;
			buildPhases = (
				1C84724F1E38327100112A53 /* Sources */,
				1C8472501E38327100112A53 /* Frameworks */,
				1C8472511E38327100112A53 /* Resources */,
				1C8472991E38328800112A53 /* Embed App Extensions */,
				1C3EBD651E39E6A6008BF505 /* Embed Watch Content */,
			);
			buildRules = (
			);
			dependencies = (
				1C8472941E38328800112A53 /* PBXTargetDependency */,
				1C3EBD5C1E39E6A6008BF505 /* PBXTargetDependency */,
				1CF804521E6D44AE00FA0878 /* PBXTargetDependency */,
			);
			name = Dice5;
			productName = Dice5;
			productReference = 1C8472531E38327100112A53 /* Dice5.app */;
			productType = "com.apple.product-type.application";
		};
		1C8472661E38327100112A53 /* Dice5Tests */ = {
			isa = PBXNativeTarget;
			buildConfigurationList = 1C84727E1E38327100112A53 /* Build configuration list for PBXNativeTarget "Dice5Tests" */;
			buildPhases = (
				1C8472631E38327100112A53 /* Sources */,
				1C8472641E38327100112A53 /* Frameworks */,
				1C8472651E38327100112A53 /* Resources */,
			);
			buildRules = (
			);
			dependencies = (
				1C8472691E38327100112A53 /* PBXTargetDependency */,
			);
			name = Dice5Tests;
			productName = Dice5Tests;
			productReference = 1C8472671E38327100112A53 /* Dice5Tests.xctest */;
			productType = "com.apple.product-type.bundle.unit-test";
		};
		1C8472711E38327100112A53 /* Dice5UITests */ = {
			isa = PBXNativeTarget;
			buildConfigurationList = 1C8472811E38327100112A53 /* Build configuration list for PBXNativeTarget "Dice5UITests" */;
			buildPhases = (
				1C84726E1E38327100112A53 /* Sources */,
				1C84726F1E38327100112A53 /* Frameworks */,
				1C8472701E38327100112A53 /* Resources */,
			);
			buildRules = (
			);
			dependencies = (
				1C8472741E38327100112A53 /* PBXTargetDependency */,
			);
			name = Dice5UITests;
			productName = Dice5UITests;
			productReference = 1C8472721E38327100112A53 /* Dice5UITests.xctest */;
			productType = "com.apple.product-type.bundle.ui-testing";
		};
		1C8472871E38328800112A53 /* Dice5Widget */ = {
			isa = PBXNativeTarget;
			buildConfigurationList = 1C8472961E38328800112A53 /* Build configuration list for PBXNativeTarget "Dice5Widget" */;
			buildPhases = (
				1C8472841E38328800112A53 /* Sources */,
				1C8472851E38328800112A53 /* Frameworks */,
				1C8472861E38328800112A53 /* Resources */,
			);
			buildRules = (
			);
			dependencies = (
			);
			name = Dice5Widget;
			productName = Dice5Widget;
			productReference = 1C8472881E38328800112A53 /* Dice5Widget.appex */;
			productType = "com.apple.product-type.app-extension";
		};
		1CF8044B1E6D44AE00FA0878 /* DiceStickers */ = {
			isa = PBXNativeTarget;
			buildConfigurationList = 1CF804561E6D44AE00FA0878 /* Build configuration list for PBXNativeTarget "DiceStickers" */;
			buildPhases = (
				1CF8044A1E6D44AE00FA0878 /* Resources */,
			);
			buildRules = (
			);
			dependencies = (
			);
			name = DiceStickers;
			productName = DiceStickers;
			productReference = 1CF8044C1E6D44AE00FA0878 /* DiceStickers.appex */;
			productType = "com.apple.product-type.app-extension.messages-sticker-pack";
		};
/* End PBXNativeTarget section */

/* Begin PBXProject section */
		1C84724B1E38327100112A53 /* Project object */ = {
			isa = PBXProject;
			attributes = {
				LastSwiftUpdateCheck = 0820;
				LastUpgradeCheck = 0820;
				ORGANIZATIONNAME = "James van der Moezel";
				TargetAttributes = {
					1C3EBD421E39E6A6008BF505 = {
						CreatedOnToolsVersion = 8.2.1;
						DevelopmentTeam = S87LZ337RB;
						ProvisioningStyle = Automatic;
					};
					1C3EBD4E1E39E6A6008BF505 = {
						CreatedOnToolsVersion = 8.2.1;
						DevelopmentTeam = S87LZ337RB;
						ProvisioningStyle = Automatic;
					};
					1C8472521E38327100112A53 = {
						CreatedOnToolsVersion = 8.2.1;
						DevelopmentTeam = S87LZ337RB;
						ProvisioningStyle = Automatic;
						SystemCapabilities = {
							com.apple.InAppPurchase = {
								enabled = 1;
							};
						};
					};
					1C8472661E38327100112A53 = {
						CreatedOnToolsVersion = 8.2.1;
						DevelopmentTeam = S87LZ337RB;
						ProvisioningStyle = Automatic;
						TestTargetID = 1C8472521E38327100112A53;
					};
					1C8472711E38327100112A53 = {
						CreatedOnToolsVersion = 8.2.1;
						DevelopmentTeam = S87LZ337RB;
						ProvisioningStyle = Automatic;
						TestTargetID = 1C8472521E38327100112A53;
					};
					1C8472871E38328800112A53 = {
						CreatedOnToolsVersion = 8.2.1;
						DevelopmentTeam = S87LZ337RB;
						ProvisioningStyle = Automatic;
					};
					1CF8044B1E6D44AE00FA0878 = {
						CreatedOnToolsVersion = 8.2.1;
						DevelopmentTeam = S87LZ337RB;
						ProvisioningStyle = Automatic;
					};
				};
			};
			buildConfigurationList = 1C84724E1E38327100112A53 /* Build configuration list for PBXProject "Dice5" */;
			compatibilityVersion = "Xcode 3.2";
			developmentRegion = English;
			hasScannedForEncodings = 0;
			knownRegions = (
				en,
				Base,
			);
			mainGroup = 1C84724A1E38327100112A53;
			productRefGroup = 1C8472541E38327100112A53 /* Products */;
			projectDirPath = "";
			projectRoot = "";
			targets = (
				1C8472521E38327100112A53 /* Dice5 */,
				1C8472661E38327100112A53 /* Dice5Tests */,
				1C8472711E38327100112A53 /* Dice5UITests */,
				1C8472871E38328800112A53 /* Dice5Widget */,
				1C3EBD421E39E6A6008BF505 /* DiceWatch5 */,
				1C3EBD4E1E39E6A6008BF505 /* DiceWatch5 Extension */,
				1CF8044B1E6D44AE00FA0878 /* DiceStickers */,
			);
		};
/* End PBXProject section */

/* Begin PBXResourcesBuildPhase section */
		1C3EBD411E39E6A6008BF505 /* Resources */ = {
			isa = PBXResourcesBuildPhase;
			buildActionMask = 2147483647;
			files = (
				1C3EBD491E39E6A6008BF505 /* Assets.xcassets in Resources */,
				1CD761211E7D19D40056CBFF /* Assets.xcassets in Resources */,
				1C3EBD471E39E6A6008BF505 /* Interface.storyboard in Resources */,
			);
			runOnlyForDeploymentPostprocessing = 0;
		};
		1C3EBD4D1E39E6A6008BF505 /* Resources */ = {
			isa = PBXResourcesBuildPhase;
			buildActionMask = 2147483647;
			files = (
				1C3EBD591E39E6A6008BF505 /* Assets.xcassets in Resources */,
			);
			runOnlyForDeploymentPostprocessing = 0;
		};
		1C8472511E38327100112A53 /* Resources */ = {
			isa = PBXResourcesBuildPhase;
			buildActionMask = 2147483647;
			files = (
				1C6EBDCF1F4DB49F0047E22D /* Blue-Icon@2x.png in Resources */,
				1CB9DC051F4E7F7C0017928C /* Black-Icon-iPad.png in Resources */,
				1C6EBDD11F4DB49F0047E22D /* Grey-Icon@2x.png in Resources */,
				1CB9DC0F1F4E80360017928C /* Inverse-Icon-iPad.png in Resources */,
				1C6EBDD01F4DB49F0047E22D /* Blue-Icon@3x.png in Resources */,
				1C8472611E38327100112A53 /* LaunchScreen.storyboard in Resources */,
				1C6EBDD31F4DB49F0047E22D /* Inverse-Icon@2x.png in Resources */,
				1C6EBDD21F4DB49F0047E22D /* Grey-Icon@3x.png in Resources */,
				1CB9DC0E1F4E80360017928C /* Grey-Icon-iPad.png in Resources */,
				1C8046221E59AADD007177F3 /* Assets.xcassets in Resources */,
				1CB9DC081F4E7F870017928C /* Black-Icon@2x.png in Resources */,
				1C6EBDD41F4DB49F0047E22D /* Inverse-Icon@3x.png in Resources */,
				1CB9DC091F4E7F870017928C /* Black-Icon@3x.png in Resources */,
				1CB9DC0D1F4E80360017928C /* Blue-Icon-iPad.png in Resources */,
				1C84725C1E38327100112A53 /* Main.storyboard in Resources */,
			);
			runOnlyForDeploymentPostprocessing = 0;
		};
		1C8472651E38327100112A53 /* Resources */ = {
			isa = PBXResourcesBuildPhase;
			buildActionMask = 2147483647;
			files = (
			);
			runOnlyForDeploymentPostprocessing = 0;
		};
		1C8472701E38327100112A53 /* Resources */ = {
			isa = PBXResourcesBuildPhase;
			buildActionMask = 2147483647;
			files = (
			);
			runOnlyForDeploymentPostprocessing = 0;
		};
		1C8472861E38328800112A53 /* Resources */ = {
			isa = PBXResourcesBuildPhase;
			buildActionMask = 2147483647;
			files = (
				1C8046241E59AC10007177F3 /* Assets.xcassets in Resources */,
				1C8472911E38328800112A53 /* MainInterface.storyboard in Resources */,
			);
			runOnlyForDeploymentPostprocessing = 0;
		};
		1CF8044A1E6D44AE00FA0878 /* Resources */ = {
			isa = PBXResourcesBuildPhase;
			buildActionMask = 2147483647;
			files = (
				1CF8044F1E6D44AE00FA0878 /* Stickers.xcassets in Resources */,
			);
			runOnlyForDeploymentPostprocessing = 0;
		};
/* End PBXResourcesBuildPhase section */

/* Begin PBXSourcesBuildPhase section */
		1C3EBD4B1E39E6A6008BF505 /* Sources */ = {
			isa = PBXSourcesBuildPhase;
			buildActionMask = 2147483647;
			files = (
				1C7A3D801E713EA5005B8570 /* dice.swift in Sources */,
				1C3EBD571E39E6A6008BF505 /* ExtensionDelegate.swift in Sources */,
				1C3EBD551E39E6A6008BF505 /* InterfaceController.swift in Sources */,
			);
			runOnlyForDeploymentPostprocessing = 0;
		};
		1C84724F1E38327100112A53 /* Sources */ = {
			isa = PBXSourcesBuildPhase;
			buildActionMask = 2147483647;
			files = (
				1C17BED51E3C352900D0E783 /* dice.swift in Sources */,
				1C8472591E38327100112A53 /* ViewController.swift in Sources */,
				1C8472571E38327100112A53 /* AppDelegate.swift in Sources */,
				1C016AAA1F4C2E39004059A5 /* SettingsViewController.swift in Sources */,
			);
			runOnlyForDeploymentPostprocessing = 0;
		};
		1C8472631E38327100112A53 /* Sources */ = {
			isa = PBXSourcesBuildPhase;
			buildActionMask = 2147483647;
			files = (
				1C84726C1E38327100112A53 /* Dice5Tests.swift in Sources */,
			);
			runOnlyForDeploymentPostprocessing = 0;
		};
		1C84726E1E38327100112A53 /* Sources */ = {
			isa = PBXSourcesBuildPhase;
			buildActionMask = 2147483647;
			files = (
				1C8472771E38327100112A53 /* Dice5UITests.swift in Sources */,
			);
			runOnlyForDeploymentPostprocessing = 0;
		};
		1C8472841E38328800112A53 /* Sources */ = {
			isa = PBXSourcesBuildPhase;
			buildActionMask = 2147483647;
			files = (
				1C17BED61E3C423A00D0E783 /* dice.swift in Sources */,
				1C84728E1E38328800112A53 /* TodayViewController.swift in Sources */,
			);
			runOnlyForDeploymentPostprocessing = 0;
		};
/* End PBXSourcesBuildPhase section */

/* Begin PBXTargetDependency section */
		1C3EBD521E39E6A6008BF505 /* PBXTargetDependency */ = {
			isa = PBXTargetDependency;
			target = 1C3EBD4E1E39E6A6008BF505 /* DiceWatch5 Extension */;
			targetProxy = 1C3EBD511E39E6A6008BF505 /* PBXContainerItemProxy */;
		};
		1C3EBD5C1E39E6A6008BF505 /* PBXTargetDependency */ = {
			isa = PBXTargetDependency;
			target = 1C3EBD421E39E6A6008BF505 /* DiceWatch5 */;
			targetProxy = 1C3EBD5B1E39E6A6008BF505 /* PBXContainerItemProxy */;
		};
		1C8472691E38327100112A53 /* PBXTargetDependency */ = {
			isa = PBXTargetDependency;
			target = 1C8472521E38327100112A53 /* Dice5 */;
			targetProxy = 1C8472681E38327100112A53 /* PBXContainerItemProxy */;
		};
		1C8472741E38327100112A53 /* PBXTargetDependency */ = {
			isa = PBXTargetDependency;
			target = 1C8472521E38327100112A53 /* Dice5 */;
			targetProxy = 1C8472731E38327100112A53 /* PBXContainerItemProxy */;
		};
		1C8472941E38328800112A53 /* PBXTargetDependency */ = {
			isa = PBXTargetDependency;
			target = 1C8472871E38328800112A53 /* Dice5Widget */;
			targetProxy = 1C8472931E38328800112A53 /* PBXContainerItemProxy */;
		};
		1CF804521E6D44AE00FA0878 /* PBXTargetDependency */ = {
			isa = PBXTargetDependency;
			target = 1CF8044B1E6D44AE00FA0878 /* DiceStickers */;
			targetProxy = 1CF804511E6D44AE00FA0878 /* PBXContainerItemProxy */;
		};
/* End PBXTargetDependency section */

/* Begin PBXVariantGroup section */
		1C3EBD451E39E6A6008BF505 /* Interface.storyboard */ = {
			isa = PBXVariantGroup;
			children = (
				1C3EBD461E39E6A6008BF505 /* Base */,
			);
			name = Interface.storyboard;
			sourceTree = "<group>";
		};
		1C84725A1E38327100112A53 /* Main.storyboard */ = {
			isa = PBXVariantGroup;
			children = (
				1C84725B1E38327100112A53 /* Base */,
			);
			name = Main.storyboard;
			sourceTree = "<group>";
		};
		1C84725F1E38327100112A53 /* LaunchScreen.storyboard */ = {
			isa = PBXVariantGroup;
			children = (
				1C8472601E38327100112A53 /* Base */,
			);
			name = LaunchScreen.storyboard;
			sourceTree = "<group>";
		};
		1C84728F1E38328800112A53 /* MainInterface.storyboard */ = {
			isa = PBXVariantGroup;
			children = (
				1C8472901E38328800112A53 /* Base */,
			);
			name = MainInterface.storyboard;
			sourceTree = "<group>";
		};
/* End PBXVariantGroup section */

/* Begin XCBuildConfiguration section */
		1C3EBD5E1E39E6A6008BF505 /* Debug */ = {
			isa = XCBuildConfiguration;
			buildSettings = {
				ALWAYS_EMBED_SWIFT_STANDARD_LIBRARIES = YES;
				ASSETCATALOG_COMPILER_APPICON_NAME = AppIcon;
				DEVELOPMENT_TEAM = S87LZ337RB;
				IBSC_MODULE = DiceWatch5_Extension;
				INFOPLIST_FILE = DiceWatch5/Info.plist;
				PRODUCT_BUNDLE_IDENTIFIER = com.jamesvdm.criticalhit.watchkitapp;
				PRODUCT_NAME = "$(TARGET_NAME)";
				SDKROOT = watchos;
				SKIP_INSTALL = YES;
				SWIFT_VERSION = 3.0;
				TARGETED_DEVICE_FAMILY = 4;
				WATCHOS_DEPLOYMENT_TARGET = 3.1;
			};
			name = Debug;
		};
		1C3EBD5F1E39E6A6008BF505 /* Release */ = {
			isa = XCBuildConfiguration;
			buildSettings = {
				ALWAYS_EMBED_SWIFT_STANDARD_LIBRARIES = YES;
				ASSETCATALOG_COMPILER_APPICON_NAME = AppIcon;
				DEVELOPMENT_TEAM = S87LZ337RB;
				IBSC_MODULE = DiceWatch5_Extension;
				INFOPLIST_FILE = DiceWatch5/Info.plist;
				PRODUCT_BUNDLE_IDENTIFIER = com.jamesvdm.criticalhit.watchkitapp;
				PRODUCT_NAME = "$(TARGET_NAME)";
				SDKROOT = watchos;
				SKIP_INSTALL = YES;
				SWIFT_VERSION = 3.0;
				TARGETED_DEVICE_FAMILY = 4;
				WATCHOS_DEPLOYMENT_TARGET = 3.1;
			};
			name = Release;
		};
		1C3EBD601E39E6A6008BF505 /* Debug */ = {
			isa = XCBuildConfiguration;
			buildSettings = {
				ASSETCATALOG_COMPILER_COMPLICATION_NAME = Complication;
				DEVELOPMENT_TEAM = S87LZ337RB;
				INFOPLIST_FILE = "DiceWatch5 Extension/Info.plist";
				LD_RUNPATH_SEARCH_PATHS = "$(inherited) @executable_path/Frameworks @executable_path/../../Frameworks";
				PRODUCT_BUNDLE_IDENTIFIER = com.jamesvdm.criticalhit.watchkitapp.watchkitextension;
				PRODUCT_NAME = "${TARGET_NAME}";
				SDKROOT = watchos;
				SKIP_INSTALL = YES;
				SWIFT_VERSION = 3.0;
				TARGETED_DEVICE_FAMILY = 4;
				WATCHOS_DEPLOYMENT_TARGET = 3.1;
			};
			name = Debug;
		};
		1C3EBD611E39E6A6008BF505 /* Release */ = {
			isa = XCBuildConfiguration;
			buildSettings = {
				ASSETCATALOG_COMPILER_COMPLICATION_NAME = Complication;
				DEVELOPMENT_TEAM = S87LZ337RB;
				INFOPLIST_FILE = "DiceWatch5 Extension/Info.plist";
				LD_RUNPATH_SEARCH_PATHS = "$(inherited) @executable_path/Frameworks @executable_path/../../Frameworks";
				PRODUCT_BUNDLE_IDENTIFIER = com.jamesvdm.criticalhit.watchkitapp.watchkitextension;
				PRODUCT_NAME = "${TARGET_NAME}";
				SDKROOT = watchos;
				SKIP_INSTALL = YES;
				SWIFT_VERSION = 3.0;
				TARGETED_DEVICE_FAMILY = 4;
				WATCHOS_DEPLOYMENT_TARGET = 3.1;
			};
			name = Release;
		};
		1C8472791E38327100112A53 /* Debug */ = {
			isa = XCBuildConfiguration;
			buildSettings = {
				ALWAYS_SEARCH_USER_PATHS = NO;
				CLANG_ANALYZER_NONNULL = YES;
				CLANG_CXX_LANGUAGE_STANDARD = "gnu++0x";
				CLANG_CXX_LIBRARY = "libc++";
				CLANG_ENABLE_MODULES = YES;
				CLANG_ENABLE_OBJC_ARC = YES;
				CLANG_WARN_BOOL_CONVERSION = YES;
				CLANG_WARN_CONSTANT_CONVERSION = YES;
				CLANG_WARN_DIRECT_OBJC_ISA_USAGE = YES_ERROR;
				CLANG_WARN_DOCUMENTATION_COMMENTS = YES;
				CLANG_WARN_EMPTY_BODY = YES;
				CLANG_WARN_ENUM_CONVERSION = YES;
				CLANG_WARN_INFINITE_RECURSION = YES;
				CLANG_WARN_INT_CONVERSION = YES;
				CLANG_WARN_OBJC_ROOT_CLASS = YES_ERROR;
				CLANG_WARN_SUSPICIOUS_MOVE = YES;
				CLANG_WARN_UNREACHABLE_CODE = YES;
				CLANG_WARN__DUPLICATE_METHOD_MATCH = YES;
				"CODE_SIGN_IDENTITY[sdk=iphoneos*]" = "iPhone Developer";
				COPY_PHASE_STRIP = NO;
				DEBUG_INFORMATION_FORMAT = dwarf;
				ENABLE_STRICT_OBJC_MSGSEND = YES;
				ENABLE_TESTABILITY = YES;
				GCC_C_LANGUAGE_STANDARD = gnu99;
				GCC_DYNAMIC_NO_PIC = NO;
				GCC_NO_COMMON_BLOCKS = YES;
				GCC_OPTIMIZATION_LEVEL = 0;
				GCC_PREPROCESSOR_DEFINITIONS = (
					"DEBUG=1",
					"$(inherited)",
				);
				GCC_WARN_64_TO_32_BIT_CONVERSION = YES;
				GCC_WARN_ABOUT_RETURN_TYPE = YES_ERROR;
				GCC_WARN_UNDECLARED_SELECTOR = YES;
				GCC_WARN_UNINITIALIZED_AUTOS = YES_AGGRESSIVE;
				GCC_WARN_UNUSED_FUNCTION = YES;
				GCC_WARN_UNUSED_VARIABLE = YES;
				IPHONEOS_DEPLOYMENT_TARGET = 10.2;
				MTL_ENABLE_DEBUG_INFO = YES;
				ONLY_ACTIVE_ARCH = YES;
				SDKROOT = iphoneos;
				SWIFT_ACTIVE_COMPILATION_CONDITIONS = DEBUG;
				SWIFT_OPTIMIZATION_LEVEL = "-Onone";
				TARGETED_DEVICE_FAMILY = "1,2";
			};
			name = Debug;
		};
		1C84727A1E38327100112A53 /* Release */ = {
			isa = XCBuildConfiguration;
			buildSettings = {
				ALWAYS_SEARCH_USER_PATHS = NO;
				CLANG_ANALYZER_NONNULL = YES;
				CLANG_CXX_LANGUAGE_STANDARD = "gnu++0x";
				CLANG_CXX_LIBRARY = "libc++";
				CLANG_ENABLE_MODULES = YES;
				CLANG_ENABLE_OBJC_ARC = YES;
				CLANG_WARN_BOOL_CONVERSION = YES;
				CLANG_WARN_CONSTANT_CONVERSION = YES;
				CLANG_WARN_DIRECT_OBJC_ISA_USAGE = YES_ERROR;
				CLANG_WARN_DOCUMENTATION_COMMENTS = YES;
				CLANG_WARN_EMPTY_BODY = YES;
				CLANG_WARN_ENUM_CONVERSION = YES;
				CLANG_WARN_INFINITE_RECURSION = YES;
				CLANG_WARN_INT_CONVERSION = YES;
				CLANG_WARN_OBJC_ROOT_CLASS = YES_ERROR;
				CLANG_WARN_SUSPICIOUS_MOVE = YES;
				CLANG_WARN_UNREACHABLE_CODE = YES;
				CLANG_WARN__DUPLICATE_METHOD_MATCH = YES;
				"CODE_SIGN_IDENTITY[sdk=iphoneos*]" = "iPhone Developer";
				COPY_PHASE_STRIP = NO;
				DEBUG_INFORMATION_FORMAT = "dwarf-with-dsym";
				ENABLE_NS_ASSERTIONS = NO;
				ENABLE_STRICT_OBJC_MSGSEND = YES;
				GCC_C_LANGUAGE_STANDARD = gnu99;
				GCC_NO_COMMON_BLOCKS = YES;
				GCC_WARN_64_TO_32_BIT_CONVERSION = YES;
				GCC_WARN_ABOUT_RETURN_TYPE = YES_ERROR;
				GCC_WARN_UNDECLARED_SELECTOR = YES;
				GCC_WARN_UNINITIALIZED_AUTOS = YES_AGGRESSIVE;
				GCC_WARN_UNUSED_FUNCTION = YES;
				GCC_WARN_UNUSED_VARIABLE = YES;
				IPHONEOS_DEPLOYMENT_TARGET = 10.2;
				MTL_ENABLE_DEBUG_INFO = NO;
				SDKROOT = iphoneos;
				SWIFT_OPTIMIZATION_LEVEL = "-Owholemodule";
				TARGETED_DEVICE_FAMILY = "1,2";
				VALIDATE_PRODUCT = YES;
			};
			name = Release;
		};
		1C84727C1E38327100112A53 /* Debug */ = {
			isa = XCBuildConfiguration;
			buildSettings = {
				ALWAYS_EMBED_SWIFT_STANDARD_LIBRARIES = YES;
				ASSETCATALOG_COMPILER_APPICON_NAME = AppIcon;
				DEVELOPMENT_TEAM = S87LZ337RB;
				INFOPLIST_FILE = Dice5/Info.plist;
				LD_RUNPATH_SEARCH_PATHS = "$(inherited) @executable_path/Frameworks";
				PRODUCT_BUNDLE_IDENTIFIER = com.jamesvdm.criticalhit;
				PRODUCT_NAME = "$(TARGET_NAME)";
				SWIFT_VERSION = 3.0;
			};
			name = Debug;
		};
		1C84727D1E38327100112A53 /* Release */ = {
			isa = XCBuildConfiguration;
			buildSettings = {
				ALWAYS_EMBED_SWIFT_STANDARD_LIBRARIES = YES;
				ASSETCATALOG_COMPILER_APPICON_NAME = AppIcon;
				DEVELOPMENT_TEAM = S87LZ337RB;
				INFOPLIST_FILE = Dice5/Info.plist;
				LD_RUNPATH_SEARCH_PATHS = "$(inherited) @executable_path/Frameworks";
				PRODUCT_BUNDLE_IDENTIFIER = com.jamesvdm.criticalhit;
				PRODUCT_NAME = "$(TARGET_NAME)";
				SWIFT_VERSION = 3.0;
			};
			name = Release;
		};
		1C84727F1E38327100112A53 /* Debug */ = {
			isa = XCBuildConfiguration;
			buildSettings = {
				ALWAYS_EMBED_SWIFT_STANDARD_LIBRARIES = YES;
				BUNDLE_LOADER = "$(TEST_HOST)";
				DEVELOPMENT_TEAM = S87LZ337RB;
				INFOPLIST_FILE = Dice5Tests/Info.plist;
				LD_RUNPATH_SEARCH_PATHS = "$(inherited) @executable_path/Frameworks @loader_path/Frameworks";
				PRODUCT_BUNDLE_IDENTIFIER = com.jamesvdm.criticalhit.Dice5Widget;
				PRODUCT_NAME = "$(TARGET_NAME)";
				SWIFT_VERSION = 3.0;
				TEST_HOST = "$(BUILT_PRODUCTS_DIR)/Dice5.app/Dice5";
			};
			name = Debug;
		};
		1C8472801E38327100112A53 /* Release */ = {
			isa = XCBuildConfiguration;
			buildSettings = {
				ALWAYS_EMBED_SWIFT_STANDARD_LIBRARIES = YES;
				BUNDLE_LOADER = "$(TEST_HOST)";
				DEVELOPMENT_TEAM = S87LZ337RB;
				INFOPLIST_FILE = Dice5Tests/Info.plist;
				LD_RUNPATH_SEARCH_PATHS = "$(inherited) @executable_path/Frameworks @loader_path/Frameworks";
				PRODUCT_BUNDLE_IDENTIFIER = com.jamesvdm.criticalhit.Dice5Widget;
				PRODUCT_NAME = "$(TARGET_NAME)";
				SWIFT_VERSION = 3.0;
				TEST_HOST = "$(BUILT_PRODUCTS_DIR)/Dice5.app/Dice5";
			};
			name = Release;
		};
		1C8472821E38327100112A53 /* Debug */ = {
			isa = XCBuildConfiguration;
			buildSettings = {
				ALWAYS_EMBED_SWIFT_STANDARD_LIBRARIES = YES;
				DEVELOPMENT_TEAM = S87LZ337RB;
				INFOPLIST_FILE = Dice5UITests/Info.plist;
				LD_RUNPATH_SEARCH_PATHS = "$(inherited) @executable_path/Frameworks @loader_path/Frameworks";
				PRODUCT_BUNDLE_IDENTIFIER = com.jamesvdm.Dice5UITests;
				PRODUCT_NAME = "$(TARGET_NAME)";
				SWIFT_VERSION = 3.0;
				TEST_TARGET_NAME = Dice5;
			};
			name = Debug;
		};
		1C8472831E38327100112A53 /* Release */ = {
			isa = XCBuildConfiguration;
			buildSettings = {
				ALWAYS_EMBED_SWIFT_STANDARD_LIBRARIES = YES;
				DEVELOPMENT_TEAM = S87LZ337RB;
				INFOPLIST_FILE = Dice5UITests/Info.plist;
				LD_RUNPATH_SEARCH_PATHS = "$(inherited) @executable_path/Frameworks @loader_path/Frameworks";
				PRODUCT_BUNDLE_IDENTIFIER = com.jamesvdm.Dice5UITests;
				PRODUCT_NAME = "$(TARGET_NAME)";
				SWIFT_VERSION = 3.0;
				TEST_TARGET_NAME = Dice5;
			};
			name = Release;
		};
		1C8472971E38328800112A53 /* Debug */ = {
			isa = XCBuildConfiguration;
			buildSettings = {
				DEVELOPMENT_TEAM = S87LZ337RB;
				INFOPLIST_FILE = Dice5Widget/Info.plist;
				LD_RUNPATH_SEARCH_PATHS = "$(inherited) @executable_path/Frameworks @executable_path/../../Frameworks";
				PRODUCT_BUNDLE_IDENTIFIER = com.jamesvdm.criticalhit.Dice5Widget;
				PRODUCT_NAME = "$(TARGET_NAME)";
				SKIP_INSTALL = YES;
				SWIFT_VERSION = 3.0;
			};
			name = Debug;
		};
		1C8472981E38328800112A53 /* Release */ = {
			isa = XCBuildConfiguration;
			buildSettings = {
				DEVELOPMENT_TEAM = S87LZ337RB;
				INFOPLIST_FILE = Dice5Widget/Info.plist;
				LD_RUNPATH_SEARCH_PATHS = "$(inherited) @executable_path/Frameworks @executable_path/../../Frameworks";
				PRODUCT_BUNDLE_IDENTIFIER = com.jamesvdm.criticalhit.Dice5Widget;
				PRODUCT_NAME = "$(TARGET_NAME)";
				SKIP_INSTALL = YES;
				SWIFT_VERSION = 3.0;
			};
			name = Release;
		};
		1CF804541E6D44AE00FA0878 /* Debug */ = {
			isa = XCBuildConfiguration;
			buildSettings = {
				ASSETCATALOG_COMPILER_APPICON_NAME = "iMessage App Icon";
				DEVELOPMENT_TEAM = S87LZ337RB;
				INFOPLIST_FILE = DiceStickers/Info.plist;
				PRODUCT_BUNDLE_IDENTIFIER = com.jamesvdm.criticalhit.DiceStickers;
				PRODUCT_NAME = "$(TARGET_NAME)";
				SKIP_INSTALL = YES;
			};
			name = Debug;
		};
		1CF804551E6D44AE00FA0878 /* Release */ = {
			isa = XCBuildConfiguration;
			buildSettings = {
				ASSETCATALOG_COMPILER_APPICON_NAME = "iMessage App Icon";
				DEVELOPMENT_TEAM = S87LZ337RB;
				INFOPLIST_FILE = DiceStickers/Info.plist;
				PRODUCT_BUNDLE_IDENTIFIER = com.jamesvdm.criticalhit.DiceStickers;
				PRODUCT_NAME = "$(TARGET_NAME)";
				SKIP_INSTALL = YES;
			};
			name = Release;
		};
/* End XCBuildConfiguration section */

/* Begin XCConfigurationList section */
		1C3EBD621E39E6A6008BF505 /* Build configuration list for PBXNativeTarget "DiceWatch5 Extension" */ = {
			isa = XCConfigurationList;
			buildConfigurations = (
				1C3EBD601E39E6A6008BF505 /* Debug */,
				1C3EBD611E39E6A6008BF505 /* Release */,
			);
			defaultConfigurationIsVisible = 0;
			defaultConfigurationName = Release;
		};
		1C3EBD641E39E6A6008BF505 /* Build configuration list for PBXNativeTarget "DiceWatch5" */ = {
			isa = XCConfigurationList;
			buildConfigurations = (
				1C3EBD5E1E39E6A6008BF505 /* Debug */,
				1C3EBD5F1E39E6A6008BF505 /* Release */,
			);
			defaultConfigurationIsVisible = 0;
			defaultConfigurationName = Release;
		};
		1C84724E1E38327100112A53 /* Build configuration list for PBXProject "Dice5" */ = {
			isa = XCConfigurationList;
			buildConfigurations = (
				1C8472791E38327100112A53 /* Debug */,
				1C84727A1E38327100112A53 /* Release */,
			);
			defaultConfigurationIsVisible = 0;
			defaultConfigurationName = Release;
		};
		1C84727B1E38327100112A53 /* Build configuration list for PBXNativeTarget "Dice5" */ = {
			isa = XCConfigurationList;
			buildConfigurations = (
				1C84727C1E38327100112A53 /* Debug */,
				1C84727D1E38327100112A53 /* Release */,
			);
			defaultConfigurationIsVisible = 0;
			defaultConfigurationName = Release;
		};
		1C84727E1E38327100112A53 /* Build configuration list for PBXNativeTarget "Dice5Tests" */ = {
			isa = XCConfigurationList;
			buildConfigurations = (
				1C84727F1E38327100112A53 /* Debug */,
				1C8472801E38327100112A53 /* Release */,
			);
			defaultConfigurationIsVisible = 0;
			defaultConfigurationName = Release;
		};
		1C8472811E38327100112A53 /* Build configuration list for PBXNativeTarget "Dice5UITests" */ = {
			isa = XCConfigurationList;
			buildConfigurations = (
				1C8472821E38327100112A53 /* Debug */,
				1C8472831E38327100112A53 /* Release */,
			);
			defaultConfigurationIsVisible = 0;
			defaultConfigurationName = Release;
		};
		1C8472961E38328800112A53 /* Build configuration list for PBXNativeTarget "Dice5Widget" */ = {
			isa = XCConfigurationList;
			buildConfigurations = (
				1C8472971E38328800112A53 /* Debug */,
				1C8472981E38328800112A53 /* Release */,
			);
			defaultConfigurationIsVisible = 0;
			defaultConfigurationName = Release;
		};
		1CF804561E6D44AE00FA0878 /* Build configuration list for PBXNativeTarget "DiceStickers" */ = {
			isa = XCConfigurationList;
			buildConfigurations = (
				1CF804541E6D44AE00FA0878 /* Debug */,
				1CF804551E6D44AE00FA0878 /* Release */,
			);
			defaultConfigurationIsVisible = 0;
			defaultConfigurationName = Release;
		};
/* End XCConfigurationList section */
	};
	rootObject = 1C84724B1E38327100112A53 /* Project object */;
}
